
Microsoft Visual Studio Solution File, Format Version 12.00
# Visual Studio Version 17
VisualStudioVersion = 17.4.33103.184
MinimumVisualStudioVersion = 10.0.40219.1
Project("{9A19103F-16F7-4668-BE54-9A1E7A4F7556}") = "Het12_BSCSRJ", "Het12_BSCSRJ\Het12_BSCSRJ.csproj", "{8D5D1E95-DB2B-4BDC-8914-626EC532597D}"
EndProject
Project("{FAE04EC0-301F-11D3-BF4B-00C04F79EFBC}") = "Sanyi", "Sanyi\Sanyi.csproj", "{9810E449-3DCB-4A0D-8A4E-BC03FDBEB075}"
EndProject
Global
	GlobalSection(SolutionConfigurationPlatforms) = preSolution
		Debug|Any CPU = Debug|Any CPU
		Release|Any CPU = Release|Any CPU
	EndGlobalSection
	GlobalSection(ProjectConfigurationPlatforms) = postSolution
		{8D5D1E95-DB2B-4BDC-8914-626EC532597D}.Debug|Any CPU.ActiveCfg = Debug|Any CPU
		{8D5D1E95-DB2B-4BDC-8914-626EC532597D}.Debug|Any CPU.Build.0 = Debug|Any CPU
		{8D5D1E95-DB2B-4BDC-8914-626EC532597D}.Release|Any CPU.ActiveCfg = Release|Any CPU
		{8D5D1E95-DB2B-4BDC-8914-626EC532597D}.Release|Any CPU.Build.0 = Release|Any CPU
		{9810E449-3DCB-4A0D-8A4E-BC03FDBEB075}.Debug|Any CPU.ActiveCfg = Debug|Any CPU
		{9810E449-3DCB-4A0D-8A4E-BC03FDBEB075}.Debug|Any CPU.Build.0 = Debug|Any CPU
		{9810E449-3DCB-4A0D-8A4E-BC03FDBEB075}.Release|Any CPU.ActiveCfg = Release|Any CPU
		{9810E449-3DCB-4A0D-8A4E-BC03FDBEB075}.Release|Any CPU.Build.0 = Release|Any CPU
	EndGlobalSection
	GlobalSection(SolutionProperties) = preSolution
		HideSolutionNode = FALSE
	EndGlobalSection
	GlobalSection(ExtensibilityGlobals) = postSolution
		SolutionGuid = {33C9B87C-D1B6-4EB9-A9AE-315E6C29B01B}
	EndGlobalSection
EndGlobal
